// !$*UTF8*$!
{
	archiveVersion = 1;
	classes = {
	};
	objectVersion = 50;
	objects = {

/* Begin PBXBuildFile section */
		1C1F53CD235DAF0E00C74A2C /* RESModel.swift in Sources */ = {isa = PBXBuildFile; fileRef = 1C1F53CC235DAF0E00C74A2C /* RESModel.swift */; };
		1C1F53CF235DD5E300C74A2C /* ForecastModel.swift in Sources */ = {isa = PBXBuildFile; fileRef = 1C1F53CE235DD5E300C74A2C /* ForecastModel.swift */; };
		1C53DEE223595EC0000FAE99 /* AppDelegate.swift in Sources */ = {isa = PBXBuildFile; fileRef = 1C53DEE123595EC0000FAE99 /* AppDelegate.swift */; };
		1C53DEE423595EC0000FAE99 /* ViewController.swift in Sources */ = {isa = PBXBuildFile; fileRef = 1C53DEE323595EC0000FAE99 /* ViewController.swift */; };
		1C53DEE723595EC0000FAE99 /* Main.storyboard in Resources */ = {isa = PBXBuildFile; fileRef = 1C53DEE523595EC0000FAE99 /* Main.storyboard */; };
		1C53DEE923595EC1000FAE99 /* Assets.xcassets in Resources */ = {isa = PBXBuildFile; fileRef = 1C53DEE823595EC1000FAE99 /* Assets.xcassets */; };
		1C53DEEC23595EC1000FAE99 /* LaunchScreen.storyboard in Resources */ = {isa = PBXBuildFile; fileRef = 1C53DEEA23595EC1000FAE99 /* LaunchScreen.storyboard */; };
		1C53DEF423596085000FAE99 /* WFBaseTableViewCell.swift in Sources */ = {isa = PBXBuildFile; fileRef = 1C53DEF323596085000FAE99 /* WFBaseTableViewCell.swift */; };
		2EBE824747E33B805125A195 /* libPods-TheWeatherForecast.a in Frameworks */ = {isa = PBXBuildFile; fileRef = 65BDC564493CFD6AE52F34A1 /* libPods-TheWeatherForecast.a */; };
/* End PBXBuildFile section */

/* Begin PBXFileReference section */
		1C1F53CC235DAF0E00C74A2C /* RESModel.swift */ = {isa = PBXFileReference; lastKnownFileType = sourcecode.swift; path = RESModel.swift; sourceTree = "<group>"; };
		1C1F53CE235DD5E300C74A2C /* ForecastModel.swift */ = {isa = PBXFileReference; lastKnownFileType = sourcecode.swift; path = ForecastModel.swift; sourceTree = "<group>"; };
		1C53DEDE23595EC0000FAE99 /* TheWeatherForecast.app */ = {isa = PBXFileReference; explicitFileType = wrapper.application; includeInIndex = 0; path = TheWeatherForecast.app; sourceTree = BUILT_PRODUCTS_DIR; };
		1C53DEE123595EC0000FAE99 /* AppDelegate.swift */ = {isa = PBXFileReference; lastKnownFileType = sourcecode.swift; path = AppDelegate.swift; sourceTree = "<group>"; };
		1C53DEE323595EC0000FAE99 /* ViewController.swift */ = {isa = PBXFileReference; lastKnownFileType = sourcecode.swift; path = ViewController.swift; sourceTree = "<group>"; };
		1C53DEE623595EC0000FAE99 /* Base */ = {isa = PBXFileReference; lastKnownFileType = file.storyboard; name = Base; path = Base.lproj/Main.storyboard; sourceTree = "<group>"; };
		1C53DEE823595EC1000FAE99 /* Assets.xcassets */ = {isa = PBXFileReference; lastKnownFileType = folder.assetcatalog; path = Assets.xcassets; sourceTree = "<group>"; };
		1C53DEEB23595EC1000FAE99 /* Base */ = {isa = PBXFileReference; lastKnownFileType = file.storyboard; name = Base; path = Base.lproj/LaunchScreen.storyboard; sourceTree = "<group>"; };
		1C53DEED23595EC1000FAE99 /* Info.plist */ = {isa = PBXFileReference; lastKnownFileType = text.plist.xml; path = Info.plist; sourceTree = "<group>"; };
		1C53DEF323596085000FAE99 /* WFBaseTableViewCell.swift */ = {isa = PBXFileReference; lastKnownFileType = sourcecode.swift; path = WFBaseTableViewCell.swift; sourceTree = "<group>"; };
		65BDC564493CFD6AE52F34A1 /* libPods-TheWeatherForecast.a */ = {isa = PBXFileReference; explicitFileType = archive.ar; includeInIndex = 0; path = "libPods-TheWeatherForecast.a"; sourceTree = BUILT_PRODUCTS_DIR; };
		98F6F79D4FD843D53AAA40F5 /* Pods-TheWeatherForecast.debug.xcconfig */ = {isa = PBXFileReference; includeInIndex = 1; lastKnownFileType = text.xcconfig; name = "Pods-TheWeatherForecast.debug.xcconfig"; path = "Target Support Files/Pods-TheWeatherForecast/Pods-TheWeatherForecast.debug.xcconfig"; sourceTree = "<group>"; };
		C5EF30982CA3802036BD134C /* Pods-TheWeatherForecast.release.xcconfig */ = {isa = PBXFileReference; includeInIndex = 1; lastKnownFileType = text.xcconfig; name = "Pods-TheWeatherForecast.release.xcconfig"; path = "Target Support Files/Pods-TheWeatherForecast/Pods-TheWeatherForecast.release.xcconfig"; sourceTree = "<group>"; };
/* End PBXFileReference section */

/* Begin PBXFrameworksBuildPhase section */
		1C53DEDB23595EC0000FAE99 /* Frameworks */ = {
			isa = PBXFrameworksBuildPhase;
			buildActionMask = 2147483647;
			files = (
				2EBE824747E33B805125A195 /* libPods-TheWeatherForecast.a in Frameworks */,
			);
			runOnlyForDeploymentPostprocessing = 0;
		};
/* End PBXFrameworksBuildPhase section */

/* Begin PBXGroup section */
		1C53DED523595EC0000FAE99 = {
			isa = PBXGroup;
			children = (
				1C53DEE023595EC0000FAE99 /* TheWeatherForecast */,
				1C53DEDF23595EC0000FAE99 /* Products */,
				99F237775C9BF767C2A03B3E /* Pods */,
				E18DE78E03428AC3C0655E1E /* Frameworks */,
			);
			sourceTree = "<group>";
		};
		1C53DEDF23595EC0000FAE99 /* Products */ = {
			isa = PBXGroup;
			children = (
				1C53DEDE23595EC0000FAE99 /* TheWeatherForecast.app */,
			);
			name = Products;
			sourceTree = "<group>";
		};
		1C53DEE023595EC0000FAE99 /* TheWeatherForecast */ = {
			isa = PBXGroup;
			children = (
				1C53DEE123595EC0000FAE99 /* AppDelegate.swift */,
				1C53DEE323595EC0000FAE99 /* ViewController.swift */,
				1C53DEF323596085000FAE99 /* WFBaseTableViewCell.swift */,
				1C1F53CC235DAF0E00C74A2C /* RESModel.swift */,
				1C1F53CE235DD5E300C74A2C /* ForecastModel.swift */,
				1C53DEE523595EC0000FAE99 /* Main.storyboard */,
				1C53DEE823595EC1000FAE99 /* Assets.xcassets */,
				1C53DEEA23595EC1000FAE99 /* LaunchScreen.storyboard */,
				1C53DEED23595EC1000FAE99 /* Info.plist */,
			);
			path = TheWeatherForecast;
			sourceTree = "<group>";
		};
		99F237775C9BF767C2A03B3E /* Pods */ = {
			isa = PBXGroup;
			children = (
				98F6F79D4FD843D53AAA40F5 /* Pods-TheWeatherForecast.debug.xcconfig */,
				C5EF30982CA3802036BD134C /* Pods-TheWeatherForecast.release.xcconfig */,
			);
			path = Pods;
			sourceTree = "<group>";
		};
		E18DE78E03428AC3C0655E1E /* Frameworks */ = {
			isa = PBXGroup;
			children = (
				65BDC564493CFD6AE52F34A1 /* libPods-TheWeatherForecast.a */,
			);
			name = Frameworks;
			sourceTree = "<group>";
		};
/* End PBXGroup section */

/* Begin PBXNativeTarget section */
		1C53DEDD23595EC0000FAE99 /* TheWeatherForecast */ = {
			isa = PBXNativeTarget;
			buildConfigurationList = 1C53DEF023595EC1000FAE99 /* Build configuration list for PBXNativeTarget "TheWeatherForecast" */;
			buildPhases = (
				DFF8415F42D4316EC74C0D83 /* [CP] Check Pods Manifest.lock */,
				1C53DEDA23595EC0000FAE99 /* Sources */,
				1C53DEDB23595EC0000FAE99 /* Frameworks */,
				1C53DEDC23595EC0000FAE99 /* Resources */,
			);
			buildRules = (
			);
			dependencies = (
			);
			name = TheWeatherForecast;
			productName = TheWeatherForecast;
			productReference = 1C53DEDE23595EC0000FAE99 /* TheWeatherForecast.app */;
			productType = "com.apple.product-type.application";
		};
/* End PBXNativeTarget section */

/* Begin PBXProject section */
		1C53DED623595EC0000FAE99 /* Project object */ = {
			isa = PBXProject;
			attributes = {
				LastSwiftUpdateCheck = 1030;
				LastUpgradeCheck = 1030;
				ORGANIZATIONNAME = iOS;
				TargetAttributes = {
					1C53DEDD23595EC0000FAE99 = {
						CreatedOnToolsVersion = 10.3;
					};
				};
			};
			buildConfigurationList = 1C53DED923595EC0000FAE99 /* Build configuration list for PBXProject "TheWeatherForecast" */;
			compatibilityVersion = "Xcode 9.3";
			developmentRegion = en;
			hasScannedForEncodings = 0;
			knownRegions = (
				en,
				Base,
			);
			mainGroup = 1C53DED523595EC0000FAE99;
			productRefGroup = 1C53DEDF23595EC0000FAE99 /* Products */;
			projectDirPath = "";
			projectRoot = "";
			targets = (
				1C53DEDD23595EC0000FAE99 /* TheWeatherForecast */,
			);
		};
/* End PBXProject section */

/* Begin PBXResourcesBuildPhase section */
		1C53DEDC23595EC0000FAE99 /* Resources */ = {
			isa = PBXResourcesBuildPhase;
			buildActionMask = 2147483647;
			files = (
				1C53DEEC23595EC1000FAE99 /* LaunchScreen.storyboard in Resources */,
				1C53DEE923595EC1000FAE99 /* Assets.xcassets in Resources */,
				1C53DEE723595EC0000FAE99 /* Main.storyboard in Resources */,
			);
			runOnlyForDeploymentPostprocessing = 0;
		};
/* End PBXResourcesBuildPhase section */

/* Begin PBXShellScriptBuildPhase section */
		DFF8415F42D4316EC74C0D83 /* [CP] Check Pods Manifest.lock */ = {
			isa = PBXShellScriptBuildPhase;
			buildActionMask = 2147483647;
			files = (
			);
			inputFileListPaths = (
			);
			inputPaths = (
				"${PODS_PODFILE_DIR_PATH}/Podfile.lock",
				"${PODS_ROOT}/Manifest.lock",
			);
			name = "[CP] Check Pods Manifest.lock";
			outputFileListPaths = (
			);
			outputPaths = (
				"$(DERIVED_FILE_DIR)/Pods-TheWeatherForecast-checkManifestLockResult.txt",
			);
			runOnlyForDeploymentPostprocessing = 0;
			shellPath = /bin/sh;
			shellScript = "diff \"${PODS_PODFILE_DIR_PATH}/Podfile.lock\" \"${PODS_ROOT}/Manifest.lock\" > /dev/null\nif [ $? != 0 ] ; then\n    # print error to STDERR\n    echo \"error: The sandbox is not in sync with the Podfile.lock. Run 'pod install' or update your CocoaPods installation.\" >&2\n    exit 1\nfi\n# This output is used by Xcode 'outputs' to avoid re-running this script phase.\necho \"SUCCESS\" > \"${SCRIPT_OUTPUT_FILE_0}\"\n";
			showEnvVarsInLog = 0;
		};
/* End PBXShellScriptBuildPhase section */

/* Begin PBXSourcesBuildPhase section */
		1C53DEDA23595EC0000FAE99 /* Sources */ = {
			isa = PBXSourcesBuildPhase;
			buildActionMask = 2147483647;
			files = (
				1C1F53CD235DAF0E00C74A2C /* RESModel.swift in Sources */,
				1C53DEE423595EC0000FAE99 /* ViewController.swift in Sources */,
				1C53DEE223595EC0000FAE99 /* AppDelegate.swift in Sources */,
				1C1F53CF235DD5E300C74A2C /* ForecastModel.swift in Sources */,
				1C53DEF423596085000FAE99 /* WFBaseTableViewCell.swift in Sources */,
			);
			runOnlyForDeploymentPostprocessing = 0;
		};
/* End PBXSourcesBuildPhase section */

/* Begin PBXVariantGroup section */
		1C53DEE523595EC0000FAE99 /* Main.storyboard */ = {
			isa = PBXVariantGroup;
			children = (
				1C53DEE623595EC0000FAE99 /* Base */,
			);
			name = Main.storyboard;
			sourceTree = "<group>";
		};
		1C53DEEA23595EC1000FAE99 /* LaunchScreen.storyboard */ = {
			isa = PBXVariantGroup;
			children = (
				1C53DEEB23595EC1000FAE99 /* Base */,
			);
			name = LaunchScreen.storyboard;
			sourceTree = "<group>";
		};
/* End PBXVariantGroup section */

/* Begin XCBuildConfiguration section */
		1C53DEEE23595EC1000FAE99 /* Debug */ = {
			isa = XCBuildConfiguration;
			buildSettings = {
				ALWAYS_SEARCH_USER_PATHS = NO;
				CLANG_ANALYZER_NONNULL = YES;
				CLANG_ANALYZER_NUMBER_OBJECT_CONVERSION = YES_AGGRESSIVE;
				CLANG_CXX_LANGUAGE_STANDARD = "gnu++14";
				CLANG_CXX_LIBRARY = "libc++";
				CLANG_ENABLE_MODULES = YES;
				CLANG_ENABLE_OBJC_ARC = YES;
				CLANG_ENABLE_OBJC_WEAK = YES;
				CLANG_WARN_BLOCK_CAPTURE_AUTORELEASING = YES;
				CLANG_WARN_BOOL_CONVERSION = YES;
				CLANG_WARN_COMMA = YES;
				CLANG_WARN_CONSTANT_CONVERSION = YES;
				CLANG_WARN_DEPRECATED_OBJC_IMPLEMENTATIONS = YES;
				CLANG_WARN_DIRECT_OBJC_ISA_USAGE = YES_ERROR;
				CLANG_WARN_DOCUMENTATION_COMMENTS = YES;
				CLANG_WARN_EMPTY_BODY = YES;
				CLANG_WARN_ENUM_CONVERSION = YES;
				CLANG_WARN_INFINITE_RECURSION = YES;
				CLANG_WARN_INT_CONVERSION = YES;
				CLANG_WARN_NON_LITERAL_NULL_CONVERSION = YES;
				CLANG_WARN_OBJC_IMPLICIT_RETAIN_SELF = YES;
				CLANG_WARN_OBJC_LITERAL_CONVERSION = YES;
				CLANG_WARN_OBJC_ROOT_CLASS = YES_ERROR;
				CLANG_WARN_RANGE_LOOP_ANALYSIS = YES;
				CLANG_WARN_STRICT_PROTOTYPES = YES;
				CLANG_WARN_SUSPICIOUS_MOVE = YES;
				CLANG_WARN_UNGUARDED_AVAILABILITY = YES_AGGRESSIVE;
				CLANG_WARN_UNREACHABLE_CODE = YES;
				CLANG_WARN__DUPLICATE_METHOD_MATCH = YES;
				CODE_SIGN_IDENTITY = "iPhone Developer";
				COPY_PHASE_STRIP = NO;
				DEBUG_INFORMATION_FORMAT = dwarf;
				ENABLE_STRICT_OBJC_MSGSEND = YES;
				ENABLE_TESTABILITY = YES;
				GCC_C_LANGUAGE_STANDARD = gnu11;
				GCC_DYNAMIC_NO_PIC = NO;
				GCC_NO_COMMON_BLOCKS = YES;
				GCC_OPTIMIZATION_LEVEL = 0;
				GCC_PREPROCESSOR_DEFINITIONS = (
					"DEBUG=1",
					"$(inherited)",
				);
				GCC_WARN_64_TO_32_BIT_CONVERSION = YES;
				GCC_WARN_ABOUT_RETURN_TYPE = YES_ERROR;
				GCC_WARN_UNDECLARED_SELECTOR = YES;
				GCC_WARN_UNINITIALIZED_AUTOS = YES_AGGRESSIVE;
				GCC_WARN_UNUSED_FUNCTION = YES;
				GCC_WARN_UNUSED_VARIABLE = YES;
				IPHONEOS_DEPLOYMENT_TARGET = 12.4;
				MTL_ENABLE_DEBUG_INFO = INCLUDE_SOURCE;
				MTL_FAST_MATH = YES;
				ONLY_ACTIVE_ARCH = YES;
				SDKROOT = iphoneos;
				SWIFT_ACTIVE_COMPILATION_CONDITIONS = DEBUG;
				SWIFT_OPTIMIZATION_LEVEL = "-Onone";
			};
			name = Debug;
		};
		1C53DEEF23595EC1000FAE99 /* Release */ = {
			isa = XCBuildConfiguration;
			buildSettings = {
				ALWAYS_SEARCH_USER_PATHS = NO;
				CLANG_ANALYZER_NONNULL = YES;
				CLANG_ANALYZER_NUMBER_OBJECT_CONVERSION = YES_AGGRESSIVE;
				CLANG_CXX_LANGUAGE_STANDARD = "gnu++14";
				CLANG_CXX_LIBRARY = "libc++";
				CLANG_ENABLE_MODULES = YES;
				CLANG_ENABLE_OBJC_ARC = YES;
				CLANG_ENABLE_OBJC_WEAK = YES;
				CLANG_WARN_BLOCK_CAPTURE_AUTORELEASING = YES;
				CLANG_WARN_BOOL_CONVERSION = YES;
				CLANG_WARN_COMMA = YES;
				CLANG_WARN_CONSTANT_CONVERSION = YES;
				CLANG_WARN_DEPRECATED_OBJC_IMPLEMENTATIONS = YES;
				CLANG_WARN_DIRECT_OBJC_ISA_USAGE = YES_ERROR;
				CLANG_WARN_DOCUMENTATION_COMMENTS = YES;
				CLANG_WARN_EMPTY_BODY = YES;
				CLANG_WARN_ENUM_CONVERSION = YES;
				CLANG_WARN_INFINITE_RECURSION = YES;
				CLANG_WARN_INT_CONVERSION = YES;
				CLANG_WARN_NON_LITERAL_NULL_CONVERSION = YES;
				CLANG_WARN_OBJC_IMPLICIT_RETAIN_SELF = YES;
				CLANG_WARN_OBJC_LITERAL_CONVERSION = YES;
				CLANG_WARN_OBJC_ROOT_CLASS = YES_ERROR;
				CLANG_WARN_RANGE_LOOP_ANALYSIS = YES;
				CLANG_WARN_STRICT_PROTOTYPES = YES;
				CLANG_WARN_SUSPICIOUS_MOVE = YES;
				CLANG_WARN_UNGUARDED_AVAILABILITY = YES_AGGRESSIVE;
				CLANG_WARN_UNREACHABLE_CODE = YES;
				CLANG_WARN__DUPLICATE_METHOD_MATCH = YES;
				CODE_SIGN_IDENTITY = "iPhone Developer";
				COPY_PHASE_STRIP = NO;
				DEBUG_INFORMATION_FORMAT = "dwarf-with-dsym";
				ENABLE_NS_ASSERTIONS = NO;
				ENABLE_STRICT_OBJC_MSGSEND = YES;
				GCC_C_LANGUAGE_STANDARD = gnu11;
				GCC_NO_COMMON_BLOCKS = YES;
				GCC_WARN_64_TO_32_BIT_CONVERSION = YES;
				GCC_WARN_ABOUT_RETURN_TYPE = YES_ERROR;
				GCC_WARN_UNDECLARED_SELECTOR = YES;
				GCC_WARN_UNINITIALIZED_AUTOS = YES_AGGRESSIVE;
				GCC_WARN_UNUSED_FUNCTION = YES;
				GCC_WARN_UNUSED_VARIABLE = YES;
				IPHONEOS_DEPLOYMENT_TARGET = 12.4;
				MTL_ENABLE_DEBUG_INFO = NO;
				MTL_FAST_MATH = YES;
				SDKROOT = iphoneos;
				SWIFT_COMPILATION_MODE = wholemodule;
				SWIFT_OPTIMIZATION_LEVEL = "-O";
				VALIDATE_PRODUCT = YES;
			};
			name = Release;
		};
		1C53DEF123595EC1000FAE99 /* Debug */ = {
			isa = XCBuildConfiguration;
			baseConfigurationReference = 98F6F79D4FD843D53AAA40F5 /* Pods-TheWeatherForecast.debug.xcconfig */;
			buildSettings = {
				ASSETCATALOG_COMPILER_APPICON_NAME = AppIcon;
				CODE_SIGN_STYLE = Automatic;
				DEVELOPMENT_TEAM = 9TR8XAZ6W8;
				INFOPLIST_FILE = TheWeatherForecast/Info.plist;
				LD_RUNPATH_SEARCH_PATHS = (
					"$(inherited)",
					"@executable_path/Frameworks",
				);
				PRODUCT_BUNDLE_IDENTIFIER = iOS.TheWeatherForecast;
				PRODUCT_NAME = "$(TARGET_NAME)";
				SWIFT_VERSION = 5.0;
				TARGETED_DEVICE_FAMILY = "1,2";
			};
			name = Debug;
		};
		1C53DEF223595EC1000FAE99 /* Release */ = {
			isa = XCBuildConfiguration;
			baseConfigurationReference = C5EF30982CA3802036BD134C /* Pods-TheWeatherForecast.release.xcconfig */;
			buildSettings = {
				ASSETCATALOG_COMPILER_APPICON_NAME = AppIcon;
				CODE_SIGN_STYLE = Automatic;
				DEVELOPMENT_TEAM = 9TR8XAZ6W8;
				INFOPLIST_FILE = TheWeatherForecast/Info.plist;
				LD_RUNPATH_SEARCH_PATHS = (
					"$(inherited)",
					"@executable_path/Frameworks",
				);
				PRODUCT_BUNDLE_IDENTIFIER = iOS.TheWeatherForecast;
				PRODUCT_NAME = "$(TARGET_NAME)";
				SWIFT_VERSION = 5.0;
				TARGETED_DEVICE_FAMILY = "1,2";
			};
			name = Release;
		};
/* End XCBuildConfiguration section */

/* Begin XCConfigurationList section */
		1C53DED923595EC0000FAE99 /* Build configuration list for PBXProject "TheWeatherForecast" */ = {
			isa = XCConfigurationList;
			buildConfigurations = (
				1C53DEEE23595EC1000FAE99 /* Debug */,
				1C53DEEF23595EC1000FAE99 /* Release */,
			);
			defaultConfigurationIsVisible = 0;
			defaultConfigurationName = Release;
		};
		1C53DEF023595EC1000FAE99 /* Build configuration list for PBXNativeTarget "TheWeatherForecast" */ = {
			isa = XCConfigurationList;
			buildConfigurations = (
				1C53DEF123595EC1000FAE99 /* Debug */,
				1C53DEF223595EC1000FAE99 /* Release */,
			);
			defaultConfigurationIsVisible = 0;
			defaultConfigurationName = Release;
		};
/* End XCConfigurationList section */
	};
	rootObject = 1C53DED623595EC0000FAE99 /* Project object */;
}
